
Microsoft Visual Studio Solution File, Format Version 12.00
# Visual Studio Version 17
VisualStudioVersion = 17.0.31903.59
MinimumVisualStudioVersion = 10.0.40219.1
Project("{FAE04EC0-301F-11D3-BF4B-00C04F79EFBC}") = "DevOpsPractice.Api", "DevOpsPractice.Api\DevOpsPractice.Api.csproj", "{8EF6DF8A-668C-495A-A5F8-ED88C399F817}"
EndProject
Project("{FAE04EC0-301F-11D3-BF4B-00C04F79EFBC}") = "DevOpsPractice.Tests", "DevOpsPractice.Tests\DevOpsPractice.Tests.csproj", "{A4979093-71E5-4F70-A454-0641205959E3}"
EndProject
Global
	GlobalSection(SolutionConfigurationPlatforms) = preSolution
		Debug|Any CPU = Debug|Any CPU
		Release|Any CPU = Release|Any CPU
	EndGlobalSection
	GlobalSection(SolutionProperties) = preSolution
		HideSolutionNode = FALSE
	EndGlobalSection
	GlobalSection(ProjectConfigurationPlatforms) = postSolution
		{8EF6DF8A-668C-495A-A5F8-ED88C399F817}.Debug|Any CPU.ActiveCfg = Debug|Any CPU
		{8EF6DF8A-668C-495A-A5F8-ED88C399F817}.Debug|Any CPU.Build.0 = Debug|Any CPU
		{8EF6DF8A-668C-495A-A5F8-ED88C399F817}.Release|Any CPU.ActiveCfg = Release|Any CPU
		{8EF6DF8A-668C-495A-A5F8-ED88C399F817}.Release|Any CPU.Build.0 = Release|Any CPU
		{A4979093-71E5-4F70-A454-0641205959E3}.Debug|Any CPU.ActiveCfg = Debug|Any CPU
		{A4979093-71E5-4F70-A454-0641205959E3}.Debug|Any CPU.Build.0 = Debug|Any CPU
		{A4979093-71E5-4F70-A454-0641205959E3}.Release|Any CPU.ActiveCfg = Release|Any CPU
		{A4979093-71E5-4F70-A454-0641205959E3}.Release|Any CPU.Build.0 = Release|Any CPU
	EndGlobalSection
EndGlobal
